
Microsoft Visual Studio Solution File, Format Version 12.00
Project("{FAE04EC0-301F-11D3-BF4B-00C04F79EFBC}") = "DevArkStudio.Presentation", "DevArkStudio.Presentation\DevArkStudio.Presentation.csproj", "{A2C65063-23D3-44C0-A536-E0DBD2B39186}"
EndProject
Project("{2150E333-8FDC-42A3-9474-1A3956D46DE8}") = "Src", "Src", "{36A3DC76-4EFA-4540-9FD8-DB8B4954F58C}"
EndProject
Project("{2150E333-8FDC-42A3-9474-1A3956D46DE8}") = "Core", "Core", "{5998CB0D-5864-43FF-AF9D-43D5C60FC99C}"
EndProject
Project("{FAE04EC0-301F-11D3-BF4B-00C04F79EFBC}") = "DevArkStudio.Domain", "DevArkStudio.Domain\DevArkStudio.Domain.csproj", "{C6AE16D2-1D5A-400C-B7DD-80F04FED48DD}"
EndProject
Project("{FAE04EC0-301F-11D3-BF4B-00C04F79EFBC}") = "DevArkStudio.App", "DevArkStudio.App\DevArkStudio.App.csproj", "{7F0E149B-F1B1-4592-85B1-9468BA1E1198}"
EndProject
Project("{2150E333-8FDC-42A3-9474-1A3956D46DE8}") = "Tests", "Tests", "{846D8C2C-84EE-4624-8141-4238BDB729AF}"
EndProject
Project("{2150E333-8FDC-42A3-9474-1A3956D46DE8}") = "Infrastructure", "Infrastructure", "{866F3221-2635-4968-8241-977D3CFFB4FF}"
EndProject
Project("{FAE04EC0-301F-11D3-BF4B-00C04F79EFBC}") = "DevArkStudio.Infrastructure", "DevArkStudio.Infrastructure\DevArkStudio.Infrastructure.csproj", "{75C3E3A1-78C5-4F41-8149-6D6931398BE4}"
EndProject
Project("{FAE04EC0-301F-11D3-BF4B-00C04F79EFBC}") = "DevArkStudio.Persistence", "DevArkStudio.Persistence\DevArkStudio.Persistence.csproj", "{17E33969-A558-4ED4-8A7E-EEA1913956C9}"
EndProject
Project("{2150E333-8FDC-42A3-9474-1A3956D46DE8}") = "Presentation", "Presentation", "{9F9C63F3-B339-403B-9528-7D49E0DBC9CA}"
EndProject
Project("{FAE04EC0-301F-11D3-BF4B-00C04F79EFBC}") = "DomainModelsTests", "DomainModelsTests\DomainModelsTests.csproj", "{9F98B262-0013-4912-A954-B62228E8439E}"
EndProject
Global
	GlobalSection(SolutionConfigurationPlatforms) = preSolution
		Debug|Any CPU = Debug|Any CPU
		Release|Any CPU = Release|Any CPU
	EndGlobalSection
	GlobalSection(ProjectConfigurationPlatforms) = postSolution
		{A2C65063-23D3-44C0-A536-E0DBD2B39186}.Debug|Any CPU.ActiveCfg = Debug|Any CPU
		{A2C65063-23D3-44C0-A536-E0DBD2B39186}.Debug|Any CPU.Build.0 = Debug|Any CPU
		{A2C65063-23D3-44C0-A536-E0DBD2B39186}.Release|Any CPU.ActiveCfg = Release|Any CPU
		{A2C65063-23D3-44C0-A536-E0DBD2B39186}.Release|Any CPU.Build.0 = Release|Any CPU
		{C6AE16D2-1D5A-400C-B7DD-80F04FED48DD}.Debug|Any CPU.ActiveCfg = Debug|Any CPU
		{C6AE16D2-1D5A-400C-B7DD-80F04FED48DD}.Debug|Any CPU.Build.0 = Debug|Any CPU
		{C6AE16D2-1D5A-400C-B7DD-80F04FED48DD}.Release|Any CPU.ActiveCfg = Release|Any CPU
		{C6AE16D2-1D5A-400C-B7DD-80F04FED48DD}.Release|Any CPU.Build.0 = Release|Any CPU
		{7F0E149B-F1B1-4592-85B1-9468BA1E1198}.Debug|Any CPU.ActiveCfg = Debug|Any CPU
		{7F0E149B-F1B1-4592-85B1-9468BA1E1198}.Debug|Any CPU.Build.0 = Debug|Any CPU
		{7F0E149B-F1B1-4592-85B1-9468BA1E1198}.Release|Any CPU.ActiveCfg = Release|Any CPU
		{7F0E149B-F1B1-4592-85B1-9468BA1E1198}.Release|Any CPU.Build.0 = Release|Any CPU
		{75C3E3A1-78C5-4F41-8149-6D6931398BE4}.Debug|Any CPU.ActiveCfg = Debug|Any CPU
		{75C3E3A1-78C5-4F41-8149-6D6931398BE4}.Debug|Any CPU.Build.0 = Debug|Any CPU
		{75C3E3A1-78C5-4F41-8149-6D6931398BE4}.Release|Any CPU.ActiveCfg = Release|Any CPU
		{75C3E3A1-78C5-4F41-8149-6D6931398BE4}.Release|Any CPU.Build.0 = Release|Any CPU
		{17E33969-A558-4ED4-8A7E-EEA1913956C9}.Debug|Any CPU.ActiveCfg = Debug|Any CPU
		{17E33969-A558-4ED4-8A7E-EEA1913956C9}.Debug|Any CPU.Build.0 = Debug|Any CPU
		{17E33969-A558-4ED4-8A7E-EEA1913956C9}.Release|Any CPU.ActiveCfg = Release|Any CPU
		{17E33969-A558-4ED4-8A7E-EEA1913956C9}.Release|Any CPU.Build.0 = Release|Any CPU
		{9F98B262-0013-4912-A954-B62228E8439E}.Debug|Any CPU.ActiveCfg = Debug|Any CPU
		{9F98B262-0013-4912-A954-B62228E8439E}.Debug|Any CPU.Build.0 = Debug|Any CPU
		{9F98B262-0013-4912-A954-B62228E8439E}.Release|Any CPU.ActiveCfg = Release|Any CPU
		{9F98B262-0013-4912-A954-B62228E8439E}.Release|Any CPU.Build.0 = Release|Any CPU
	EndGlobalSection
	GlobalSection(NestedProjects) = preSolution
		{5998CB0D-5864-43FF-AF9D-43D5C60FC99C} = {36A3DC76-4EFA-4540-9FD8-DB8B4954F58C}
		{C6AE16D2-1D5A-400C-B7DD-80F04FED48DD} = {5998CB0D-5864-43FF-AF9D-43D5C60FC99C}
		{7F0E149B-F1B1-4592-85B1-9468BA1E1198} = {5998CB0D-5864-43FF-AF9D-43D5C60FC99C}
		{866F3221-2635-4968-8241-977D3CFFB4FF} = {36A3DC76-4EFA-4540-9FD8-DB8B4954F58C}
		{75C3E3A1-78C5-4F41-8149-6D6931398BE4} = {866F3221-2635-4968-8241-977D3CFFB4FF}
		{17E33969-A558-4ED4-8A7E-EEA1913956C9} = {866F3221-2635-4968-8241-977D3CFFB4FF}
		{9F9C63F3-B339-403B-9528-7D49E0DBC9CA} = {36A3DC76-4EFA-4540-9FD8-DB8B4954F58C}
		{A2C65063-23D3-44C0-A536-E0DBD2B39186} = {9F9C63F3-B339-403B-9528-7D49E0DBC9CA}
		{9F98B262-0013-4912-A954-B62228E8439E} = {846D8C2C-84EE-4624-8141-4238BDB729AF}
	EndGlobalSection
EndGlobal
